
Microsoft Visual Studio Solution File, Format Version 12.00
# Visual Studio Version 16
VisualStudioVersion = 16.0.30804.86
MinimumVisualStudioVersion = 10.0.40219.1
Project("{FAE04EC0-301F-11D3-BF4B-00C04F79EFBC}") = "aspect_ratio_calculator", "aspect_ratio_calculator.csproj", "{6ABA3E8D-5FE3-43C5-BB3A-BD5C292238AA}"
EndProject
Global
	GlobalSection(SolutionConfigurationPlatforms) = preSolution
		Debug|Any CPU = Debug|Any CPU
		Release|Any CPU = Release|Any CPU
	EndGlobalSection
	GlobalSection(ProjectConfigurationPlatforms) = postSolution
		{6ABA3E8D-5FE3-43C5-BB3A-BD5C292238AA}.Debug|Any CPU.ActiveCfg = Debug|Any CPU
		{6ABA3E8D-5FE3-43C5-BB3A-BD5C292238AA}.Debug|Any CPU.Build.0 = Debug|Any CPU
		{6ABA3E8D-5FE3-43C5-BB3A-BD5C292238AA}.Release|Any CPU.ActiveCfg = Release|Any CPU
		{6ABA3E8D-5FE3-43C5-BB3A-BD5C292238AA}.Release|Any CPU.Build.0 = Release|Any CPU
	EndGlobalSection
	GlobalSection(SolutionProperties) = preSolution
		HideSolutionNode = FALSE
	EndGlobalSection
	GlobalSection(ExtensibilityGlobals) = postSolution
		SolutionGuid = {8F7F2864-89A9-473F-8D79-BBE53FC0F52C}
	EndGlobalSection
EndGlobal
